// !$*UTF8*$!
{
	archiveVersion = 1;
	classes = {
	};
	objectVersion = 56;
	objects = {

/* Begin PBXBuildFile section */
		63E9CC1D2A2627F300FE25AB /* LegalChatApp.swift in Sources */ = {isa = PBXBuildFile; fileRef = 63E9CC1C2A2627F300FE25AB /* LegalChatApp.swift */; };
		63E9CC1F2A2627F300FE25AB /* ContentView.swift in Sources */ = {isa = PBXBuildFile; fileRef = 63E9CC1E2A2627F300FE25AB /* ContentView.swift */; };
		63E9CC212A2627F300FE25AB /* Assets.xcassets in Resources */ = {isa = PBXBuildFile; fileRef = 63E9CC202A2627F300FE25AB /* Assets.xcassets */; };
		63E9CC242A2627F300FE25AB /* Preview Assets.xcassets in Resources */ = {isa = PBXBuildFile; fileRef = 63E9CC232A2627F300FE25AB /* Preview Assets.xcassets */; };
		63E9CC262A2627F300FE25AB /* Persistence.swift in Sources */ = {isa = PBXBuildFile; fileRef = 63E9CC252A2627F300FE25AB /* Persistence.swift */; };
		63E9CC292A2627F300FE25AB /* LegalChat.xcdatamodeld in Sources */ = {isa = PBXBuildFile; fileRef = 63E9CC272A2627F300FE25AB /* LegalChat.xcdatamodeld */; };
		63E9CC342A2627F300FE25AB /* LegalChatTests.swift in Sources */ = {isa = PBXBuildFile; fileRef = 63E9CC332A2627F300FE25AB /* LegalChatTests.swift */; };
		63E9CC3E2A2627F300FE25AB /* LegalChatUITests.swift in Sources */ = {isa = PBXBuildFile; fileRef = 63E9CC3D2A2627F300FE25AB /* LegalChatUITests.swift */; };
		63E9CC402A2627F300FE25AB /* LegalChatUITestsLaunchTests.swift in Sources */ = {isa = PBXBuildFile; fileRef = 63E9CC3F2A2627F300FE25AB /* LegalChatUITestsLaunchTests.swift */; };
/* End PBXBuildFile section */

/* Begin PBXContainerItemProxy section */
		63E9CC302A2627F300FE25AB /* PBXContainerItemProxy */ = {
			isa = PBXContainerItemProxy;
			containerPortal = 63E9CC112A2627F300FE25AB /* Project object */;
			proxyType = 1;
			remoteGlobalIDString = 63E9CC182A2627F300FE25AB;
			remoteInfo = LegalChat;
		};
		63E9CC3A2A2627F300FE25AB /* PBXContainerItemProxy */ = {
			isa = PBXContainerItemProxy;
			containerPortal = 63E9CC112A2627F300FE25AB /* Project object */;
			proxyType = 1;
			remoteGlobalIDString = 63E9CC182A2627F300FE25AB;
			remoteInfo = LegalChat;
		};
/* End PBXContainerItemProxy section */

/* Begin PBXFileReference section */
		63E9CC192A2627F300FE25AB /* LegalChat.app */ = {isa = PBXFileReference; explicitFileType = wrapper.application; includeInIndex = 0; path = LegalChat.app; sourceTree = BUILT_PRODUCTS_DIR; };
		63E9CC1C2A2627F300FE25AB /* LegalChatApp.swift */ = {isa = PBXFileReference; lastKnownFileType = sourcecode.swift; path = LegalChatApp.swift; sourceTree = "<group>"; };
		63E9CC1E2A2627F300FE25AB /* ContentView.swift */ = {isa = PBXFileReference; lastKnownFileType = sourcecode.swift; path = ContentView.swift; sourceTree = "<group>"; };
		63E9CC202A2627F300FE25AB /* Assets.xcassets */ = {isa = PBXFileReference; lastKnownFileType = folder.assetcatalog; path = Assets.xcassets; sourceTree = "<group>"; };
		63E9CC232A2627F300FE25AB /* Preview Assets.xcassets */ = {isa = PBXFileReference; lastKnownFileType = folder.assetcatalog; path = "Preview Assets.xcassets"; sourceTree = "<group>"; };
		63E9CC252A2627F300FE25AB /* Persistence.swift */ = {isa = PBXFileReference; lastKnownFileType = sourcecode.swift; path = Persistence.swift; sourceTree = "<group>"; };
		63E9CC282A2627F300FE25AB /* LegalChat.xcdatamodel */ = {isa = PBXFileReference; lastKnownFileType = wrapper.xcdatamodel; path = LegalChat.xcdatamodel; sourceTree = "<group>"; };
		63E9CC2A2A2627F300FE25AB /* Info.plist */ = {isa = PBXFileReference; lastKnownFileType = text.plist.xml; path = Info.plist; sourceTree = "<group>"; };
		63E9CC2F2A2627F300FE25AB /* LegalChatTests.xctest */ = {isa = PBXFileReference; explicitFileType = wrapper.cfbundle; includeInIndex = 0; path = LegalChatTests.xctest; sourceTree = BUILT_PRODUCTS_DIR; };
		63E9CC332A2627F300FE25AB /* LegalChatTests.swift */ = {isa = PBXFileReference; lastKnownFileType = sourcecode.swift; path = LegalChatTests.swift; sourceTree = "<group>"; };
		63E9CC392A2627F300FE25AB /* LegalChatUITests.xctest */ = {isa = PBXFileReference; explicitFileType = wrapper.cfbundle; includeInIndex = 0; path = LegalChatUITests.xctest; sourceTree = BUILT_PRODUCTS_DIR; };
		63E9CC3D2A2627F300FE25AB /* LegalChatUITests.swift */ = {isa = PBXFileReference; lastKnownFileType = sourcecode.swift; path = LegalChatUITests.swift; sourceTree = "<group>"; };
		63E9CC3F2A2627F300FE25AB /* LegalChatUITestsLaunchTests.swift */ = {isa = PBXFileReference; lastKnownFileType = sourcecode.swift; path = LegalChatUITestsLaunchTests.swift; sourceTree = "<group>"; };
/* End PBXFileReference section */

/* Begin PBXFrameworksBuildPhase section */
		63E9CC162A2627F300FE25AB /* Frameworks */ = {
			isa = PBXFrameworksBuildPhase;
			buildActionMask = 2147483647;
			files = (
			);
			runOnlyForDeploymentPostprocessing = 0;
		};
		63E9CC2C2A2627F300FE25AB /* Frameworks */ = {
			isa = PBXFrameworksBuildPhase;
			buildActionMask = 2147483647;
			files = (
			);
			runOnlyForDeploymentPostprocessing = 0;
		};
		63E9CC362A2627F300FE25AB /* Frameworks */ = {
			isa = PBXFrameworksBuildPhase;
			buildActionMask = 2147483647;
			files = (
			);
			runOnlyForDeploymentPostprocessing = 0;
		};
/* End PBXFrameworksBuildPhase section */

/* Begin PBXGroup section */
		63E9CC102A2627F300FE25AB = {
			isa = PBXGroup;
			children = (
				63E9CC1B2A2627F300FE25AB /* LegalChat */,
				63E9CC322A2627F300FE25AB /* LegalChatTests */,
				63E9CC3C2A2627F300FE25AB /* LegalChatUITests */,
				63E9CC1A2A2627F300FE25AB /* Products */,
			);
			sourceTree = "<group>";
		};
		63E9CC1A2A2627F300FE25AB /* Products */ = {
			isa = PBXGroup;
			children = (
				63E9CC192A2627F300FE25AB /* LegalChat.app */,
				63E9CC2F2A2627F300FE25AB /* LegalChatTests.xctest */,
				63E9CC392A2627F300FE25AB /* LegalChatUITests.xctest */,
			);
			name = Products;
			sourceTree = "<group>";
		};
		63E9CC1B2A2627F300FE25AB /* LegalChat */ = {
			isa = PBXGroup;
			children = (
				63E9CC1C2A2627F300FE25AB /* LegalChatApp.swift */,
				63E9CC1E2A2627F300FE25AB /* ContentView.swift */,
				63E9CC202A2627F300FE25AB /* Assets.xcassets */,
				63E9CC252A2627F300FE25AB /* Persistence.swift */,
				63E9CC2A2A2627F300FE25AB /* Info.plist */,
				63E9CC272A2627F300FE25AB /* LegalChat.xcdatamodeld */,
				63E9CC222A2627F300FE25AB /* Preview Content */,
			);
			path = LegalChat;
			sourceTree = "<group>";
		};
		63E9CC222A2627F300FE25AB /* Preview Content */ = {
			isa = PBXGroup;
			children = (
				63E9CC232A2627F300FE25AB /* Preview Assets.xcassets */,
			);
			path = "Preview Content";
			sourceTree = "<group>";
		};
		63E9CC322A2627F300FE25AB /* LegalChatTests */ = {
			isa = PBXGroup;
			children = (
				63E9CC332A2627F300FE25AB /* LegalChatTests.swift */,
			);
			path = LegalChatTests;
			sourceTree = "<group>";
		};
		63E9CC3C2A2627F300FE25AB /* LegalChatUITests */ = {
			isa = PBXGroup;
			children = (
				63E9CC3D2A2627F300FE25AB /* LegalChatUITests.swift */,
				63E9CC3F2A2627F300FE25AB /* LegalChatUITestsLaunchTests.swift */,
			);
			path = LegalChatUITests;
			sourceTree = "<group>";
		};
/* End PBXGroup section */

/* Begin PBXNativeTarget section */
		63E9CC182A2627F300FE25AB /* LegalChat */ = {
			isa = PBXNativeTarget;
			buildConfigurationList = 63E9CC432A2627F300FE25AB /* Build configuration list for PBXNativeTarget "LegalChat" */;
			buildPhases = (
				63E9CC152A2627F300FE25AB /* Sources */,
				63E9CC162A2627F300FE25AB /* Frameworks */,
				63E9CC172A2627F300FE25AB /* Resources */,
			);
			buildRules = (
			);
			dependencies = (
			);
			name = LegalChat;
			productName = LegalChat;
			productReference = 63E9CC192A2627F300FE25AB /* LegalChat.app */;
			productType = "com.apple.product-type.application";
		};
		63E9CC2E2A2627F300FE25AB /* LegalChatTests */ = {
			isa = PBXNativeTarget;
			buildConfigurationList = 63E9CC462A2627F300FE25AB /* Build configuration list for PBXNativeTarget "LegalChatTests" */;
			buildPhases = (
				63E9CC2B2A2627F300FE25AB /* Sources */,
				63E9CC2C2A2627F300FE25AB /* Frameworks */,
				63E9CC2D2A2627F300FE25AB /* Resources */,
			);
			buildRules = (
			);
			dependencies = (
				63E9CC312A2627F300FE25AB /* PBXTargetDependency */,
			);
			name = LegalChatTests;
			productName = LegalChatTests;
			productReference = 63E9CC2F2A2627F300FE25AB /* LegalChatTests.xctest */;
			productType = "com.apple.product-type.bundle.unit-test";
		};
		63E9CC382A2627F300FE25AB /* LegalChatUITests */ = {
			isa = PBXNativeTarget;
			buildConfigurationList = 63E9CC492A2627F300FE25AB /* Build configuration list for PBXNativeTarget "LegalChatUITests" */;
			buildPhases = (
				63E9CC352A2627F300FE25AB /* Sources */,
				63E9CC362A2627F300FE25AB /* Frameworks */,
				63E9CC372A2627F300FE25AB /* Resources */,
			);
			buildRules = (
			);
			dependencies = (
				63E9CC3B2A2627F300FE25AB /* PBXTargetDependency */,
			);
			name = LegalChatUITests;
			productName = LegalChatUITests;
			productReference = 63E9CC392A2627F300FE25AB /* LegalChatUITests.xctest */;
			productType = "com.apple.product-type.bundle.ui-testing";
		};
/* End PBXNativeTarget section */

/* Begin PBXProject section */
		63E9CC112A2627F300FE25AB /* Project object */ = {
			isa = PBXProject;
			attributes = {
				BuildIndependentTargetsInParallel = 1;
				LastSwiftUpdateCheck = 1430;
				LastUpgradeCheck = 1430;
				TargetAttributes = {
					63E9CC182A2627F300FE25AB = {
						CreatedOnToolsVersion = 14.3;
					};
					63E9CC2E2A2627F300FE25AB = {
						CreatedOnToolsVersion = 14.3;
						TestTargetID = 63E9CC182A2627F300FE25AB;
					};
					63E9CC382A2627F300FE25AB = {
						CreatedOnToolsVersion = 14.3;
						TestTargetID = 63E9CC182A2627F300FE25AB;
					};
				};
			};
			buildConfigurationList = 63E9CC142A2627F300FE25AB /* Build configuration list for PBXProject "LegalChat" */;
			compatibilityVersion = "Xcode 14.0";
			developmentRegion = en;
			hasScannedForEncodings = 0;
			knownRegions = (
				en,
				Base,
			);
			mainGroup = 63E9CC102A2627F300FE25AB;
			productRefGroup = 63E9CC1A2A2627F300FE25AB /* Products */;
			projectDirPath = "";
			projectRoot = "";
			targets = (
				63E9CC182A2627F300FE25AB /* LegalChat */,
				63E9CC2E2A2627F300FE25AB /* LegalChatTests */,
				63E9CC382A2627F300FE25AB /* LegalChatUITests */,
			);
		};
/* End PBXProject section */

/* Begin PBXResourcesBuildPhase section */
		63E9CC172A2627F300FE25AB /* Resources */ = {
			isa = PBXResourcesBuildPhase;
			buildActionMask = 2147483647;
			files = (
				63E9CC242A2627F300FE25AB /* Preview Assets.xcassets in Resources */,
				63E9CC212A2627F300FE25AB /* Assets.xcassets in Resources */,
			);
			runOnlyForDeploymentPostprocessing = 0;
		};
		63E9CC2D2A2627F300FE25AB /* Resources */ = {
			isa = PBXResourcesBuildPhase;
			buildActionMask = 2147483647;
			files = (
			);
			runOnlyForDeploymentPostprocessing = 0;
		};
		63E9CC372A2627F300FE25AB /* Resources */ = {
			isa = PBXResourcesBuildPhase;
			buildActionMask = 2147483647;
			files = (
			);
			runOnlyForDeploymentPostprocessing = 0;
		};
/* End PBXResourcesBuildPhase section */

/* Begin PBXSourcesBuildPhase section */
		63E9CC152A2627F300FE25AB /* Sources */ = {
			isa = PBXSourcesBuildPhase;
			buildActionMask = 2147483647;
			files = (
				63E9CC262A2627F300FE25AB /* Persistence.swift in Sources */,
				63E9CC1F2A2627F300FE25AB /* ContentView.swift in Sources */,
				63E9CC1D2A2627F300FE25AB /* LegalChatApp.swift in Sources */,
				63E9CC292A2627F300FE25AB /* LegalChat.xcdatamodeld in Sources */,
			);
			runOnlyForDeploymentPostprocessing = 0;
		};
		63E9CC2B2A2627F300FE25AB /* Sources */ = {
			isa = PBXSourcesBuildPhase;
			buildActionMask = 2147483647;
			files = (
				63E9CC342A2627F300FE25AB /* LegalChatTests.swift in Sources */,
			);
			runOnlyForDeploymentPostprocessing = 0;
		};
		63E9CC352A2627F300FE25AB /* Sources */ = {
			isa = PBXSourcesBuildPhase;
			buildActionMask = 2147483647;
			files = (
				63E9CC402A2627F300FE25AB /* LegalChatUITestsLaunchTests.swift in Sources */,
				63E9CC3E2A2627F300FE25AB /* LegalChatUITests.swift in Sources */,
			);
			runOnlyForDeploymentPostprocessing = 0;
		};
/* End PBXSourcesBuildPhase section */

/* Begin PBXTargetDependency section */
		63E9CC312A2627F300FE25AB /* PBXTargetDependency */ = {
			isa = PBXTargetDependency;
			target = 63E9CC182A2627F300FE25AB /* LegalChat */;
			targetProxy = 63E9CC302A2627F300FE25AB /* PBXContainerItemProxy */;
		};
		63E9CC3B2A2627F300FE25AB /* PBXTargetDependency */ = {
			isa = PBXTargetDependency;
			target = 63E9CC182A2627F300FE25AB /* LegalChat */;
			targetProxy = 63E9CC3A2A2627F300FE25AB /* PBXContainerItemProxy */;
		};
/* End PBXTargetDependency section */

/* Begin XCBuildConfiguration section */
		63E9CC412A2627F300FE25AB /* Debug */ = {
			isa = XCBuildConfiguration;
			buildSettings = {
				ALWAYS_SEARCH_USER_PATHS = NO;
				CLANG_ANALYZER_NONNULL = YES;
				CLANG_ANALYZER_NUMBER_OBJECT_CONVERSION = YES_AGGRESSIVE;
				CLANG_CXX_LANGUAGE_STANDARD = "gnu++20";
				CLANG_ENABLE_MODULES = YES;
				CLANG_ENABLE_OBJC_ARC = YES;
				CLANG_ENABLE_OBJC_WEAK = YES;
				CLANG_WARN_BLOCK_CAPTURE_AUTORELEASING = YES;
				CLANG_WARN_BOOL_CONVERSION = YES;
				CLANG_WARN_COMMA = YES;
				CLANG_WARN_CONSTANT_CONVERSION = YES;
				CLANG_WARN_DEPRECATED_OBJC_IMPLEMENTATIONS = YES;
				CLANG_WARN_DIRECT_OBJC_ISA_USAGE = YES_ERROR;
				CLANG_WARN_DOCUMENTATION_COMMENTS = YES;
				CLANG_WARN_EMPTY_BODY = YES;
				CLANG_WARN_ENUM_CONVERSION = YES;
				CLANG_WARN_INFINITE_RECURSION = YES;
				CLANG_WARN_INT_CONVERSION = YES;
				CLANG_WARN_NON_LITERAL_NULL_CONVERSION = YES;
				CLANG_WARN_OBJC_IMPLICIT_RETAIN_SELF = YES;
				CLANG_WARN_OBJC_LITERAL_CONVERSION = YES;
				CLANG_WARN_OBJC_ROOT_CLASS = YES_ERROR;
				CLANG_WARN_QUOTED_INCLUDE_IN_FRAMEWORK_HEADER = YES;
				CLANG_WARN_RANGE_LOOP_ANALYSIS = YES;
				CLANG_WARN_STRICT_PROTOTYPES = YES;
				CLANG_WARN_SUSPICIOUS_MOVE = YES;
				CLANG_WARN_UNGUARDED_AVAILABILITY = YES_AGGRESSIVE;
				CLANG_WARN_UNREACHABLE_CODE = YES;
				CLANG_WARN__DUPLICATE_METHOD_MATCH = YES;
				COPY_PHASE_STRIP = NO;
				DEBUG_INFORMATION_FORMAT = dwarf;
				ENABLE_STRICT_OBJC_MSGSEND = YES;
				ENABLE_TESTABILITY = YES;
				GCC_C_LANGUAGE_STANDARD = gnu11;
				GCC_DYNAMIC_NO_PIC = NO;
				GCC_NO_COMMON_BLOCKS = YES;
				GCC_OPTIMIZATION_LEVEL = 0;
				GCC_PREPROCESSOR_DEFINITIONS = (
					"DEBUG=1",
					"$(inherited)",
				);
				GCC_WARN_64_TO_32_BIT_CONVERSION = YES;
				GCC_WARN_ABOUT_RETURN_TYPE = YES_ERROR;
				GCC_WARN_UNDECLARED_SELECTOR = YES;
				GCC_WARN_UNINITIALIZED_AUTOS = YES_AGGRESSIVE;
				GCC_WARN_UNUSED_FUNCTION = YES;
				GCC_WARN_UNUSED_VARIABLE = YES;
				IPHONEOS_DEPLOYMENT_TARGET = 16.4;
				MTL_ENABLE_DEBUG_INFO = INCLUDE_SOURCE;
				MTL_FAST_MATH = YES;
				ONLY_ACTIVE_ARCH = YES;
				SDKROOT = iphoneos;
				SWIFT_ACTIVE_COMPILATION_CONDITIONS = DEBUG;
				SWIFT_OPTIMIZATION_LEVEL = "-Onone";
			};
			name = Debug;
		};
		63E9CC422A2627F300FE25AB /* Release */ = {
			isa = XCBuildConfiguration;
			buildSettings = {
				ALWAYS_SEARCH_USER_PATHS = NO;
				CLANG_ANALYZER_NONNULL = YES;
				CLANG_ANALYZER_NUMBER_OBJECT_CONVERSION = YES_AGGRESSIVE;
				CLANG_CXX_LANGUAGE_STANDARD = "gnu++20";
				CLANG_ENABLE_MODULES = YES;
				CLANG_ENABLE_OBJC_ARC = YES;
				CLANG_ENABLE_OBJC_WEAK = YES;
				CLANG_WARN_BLOCK_CAPTURE_AUTORELEASING = YES;
				CLANG_WARN_BOOL_CONVERSION = YES;
				CLANG_WARN_COMMA = YES;
				CLANG_WARN_CONSTANT_CONVERSION = YES;
				CLANG_WARN_DEPRECATED_OBJC_IMPLEMENTATIONS = YES;
				CLANG_WARN_DIRECT_OBJC_ISA_USAGE = YES_ERROR;
				CLANG_WARN_DOCUMENTATION_COMMENTS = YES;
				CLANG_WARN_EMPTY_BODY = YES;
				CLANG_WARN_ENUM_CONVERSION = YES;
				CLANG_WARN_INFINITE_RECURSION = YES;
				CLANG_WARN_INT_CONVERSION = YES;
				CLANG_WARN_NON_LITERAL_NULL_CONVERSION = YES;
				CLANG_WARN_OBJC_IMPLICIT_RETAIN_SELF = YES;
				CLANG_WARN_OBJC_LITERAL_CONVERSION = YES;
				CLANG_WARN_OBJC_ROOT_CLASS = YES_ERROR;
				CLANG_WARN_QUOTED_INCLUDE_IN_FRAMEWORK_HEADER = YES;
				CLANG_WARN_RANGE_LOOP_ANALYSIS = YES;
				CLANG_WARN_STRICT_PROTOTYPES = YES;
				CLANG_WARN_SUSPICIOUS_MOVE = YES;
				CLANG_WARN_UNGUARDED_AVAILABILITY = YES_AGGRESSIVE;
				CLANG_WARN_UNREACHABLE_CODE = YES;
				CLANG_WARN__DUPLICATE_METHOD_MATCH = YES;
				COPY_PHASE_STRIP = NO;
				DEBUG_INFORMATION_FORMAT = "dwarf-with-dsym";
				ENABLE_NS_ASSERTIONS = NO;
				ENABLE_STRICT_OBJC_MSGSEND = YES;
				GCC_C_LANGUAGE_STANDARD = gnu11;
				GCC_NO_COMMON_BLOCKS = YES;
				GCC_WARN_64_TO_32_BIT_CONVERSION = YES;
				GCC_WARN_ABOUT_RETURN_TYPE = YES_ERROR;
				GCC_WARN_UNDECLARED_SELECTOR = YES;
				GCC_WARN_UNINITIALIZED_AUTOS = YES_AGGRESSIVE;
				GCC_WARN_UNUSED_FUNCTION = YES;
				GCC_WARN_UNUSED_VARIABLE = YES;
				IPHONEOS_DEPLOYMENT_TARGET = 16.4;
				MTL_ENABLE_DEBUG_INFO = NO;
				MTL_FAST_MATH = YES;
				SDKROOT = iphoneos;
				SWIFT_COMPILATION_MODE = wholemodule;
				SWIFT_OPTIMIZATION_LEVEL = "-O";
				VALIDATE_PRODUCT = YES;
			};
			name = Release;
		};
		63E9CC442A2627F300FE25AB /* Debug */ = {
			isa = XCBuildConfiguration;
			buildSettings = {
				ASSETCATALOG_COMPILER_APPICON_NAME = AppIcon;
				ASSETCATALOG_COMPILER_GLOBAL_ACCENT_COLOR_NAME = AccentColor;
				CODE_SIGN_STYLE = Automatic;
				CURRENT_PROJECT_VERSION = 1;
				DEVELOPMENT_ASSET_PATHS = "\"LegalChat/Preview Content\"";
				DEVELOPMENT_TEAM = 8J5PY7U7YJ;
				ENABLE_PREVIEWS = YES;
				GENERATE_INFOPLIST_FILE = YES;
				INFOPLIST_KEY_NSMicrophoneUsageDescription = "Listen to you";
				INFOPLIST_KEY_UIApplicationSceneManifest_Generation = YES;
				INFOPLIST_KEY_UIApplicationSupportsIndirectInputEvents = YES;
				INFOPLIST_KEY_UILaunchScreen_Generation = YES;
				INFOPLIST_KEY_UISupportedInterfaceOrientations_iPad = "UIInterfaceOrientationPortrait UIInterfaceOrientationPortraitUpsideDown UIInterfaceOrientationLandscapeLeft UIInterfaceOrientationLandscapeRight";
				INFOPLIST_KEY_UISupportedInterfaceOrientations_iPhone = "UIInterfaceOrientationPortrait UIInterfaceOrientationLandscapeLeft UIInterfaceOrientationLandscapeRight";
				LD_RUNPATH_SEARCH_PATHS = (
					"$(inherited)",
					"@executable_path/Frameworks",
				);
				MARKETING_VERSION = 1.0;
				PRODUCT_BUNDLE_IDENTIFIER = "com.alphamatrix-llm.LegalChat";
				PRODUCT_NAME = "$(TARGET_NAME)";
				SWIFT_EMIT_LOC_STRINGS = YES;
				SWIFT_VERSION = 5.0;
				TARGETED_DEVICE_FAMILY = "1,2";
			};
			name = Debug;
		};
		63E9CC452A2627F300FE25AB /* Release */ = {
			isa = XCBuildConfiguration;
			buildSettings = {
				ASSETCATALOG_COMPILER_APPICON_NAME = AppIcon;
				ASSETCATALOG_COMPILER_GLOBAL_ACCENT_COLOR_NAME = AccentColor;
				CODE_SIGN_STYLE = Automatic;
				CURRENT_PROJECT_VERSION = 1;
				DEVELOPMENT_ASSET_PATHS = "\"LegalChat/Preview Content\"";
				DEVELOPMENT_TEAM = 8J5PY7U7YJ;
				ENABLE_PREVIEWS = YES;
				GENERATE_INFOPLIST_FILE = YES;
				INFOPLIST_KEY_NSMicrophoneUsageDescription = "Listen to you";
				INFOPLIST_KEY_UIApplicationSceneManifest_Generation = YES;
				INFOPLIST_KEY_UIApplicationSupportsIndirectInputEvents = YES;
				INFOPLIST_KEY_UILaunchScreen_Generation = YES;
				INFOPLIST_KEY_UISupportedInterfaceOrientations_iPad = "UIInterfaceOrientationPortrait UIInterfaceOrientationPortraitUpsideDown UIInterfaceOrientationLandscapeLeft UIInterfaceOrientationLandscapeRight";
				INFOPLIST_KEY_UISupportedInterfaceOrientations_iPhone = "UIInterfaceOrientationPortrait UIInterfaceOrientationLandscapeLeft UIInterfaceOrientationLandscapeRight";
				LD_RUNPATH_SEARCH_PATHS = (
					"$(inherited)",
					"@executable_path/Frameworks",
				);
				MARKETING_VERSION = 1.0;
				PRODUCT_BUNDLE_IDENTIFIER = "com.alphamatrix-llm.LegalChat";
				PRODUCT_NAME = "$(TARGET_NAME)";
				SWIFT_EMIT_LOC_STRINGS = YES;
				SWIFT_VERSION = 5.0;
				TARGETED_DEVICE_FAMILY = "1,2";
			};
			name = Release;
		};
		63E9CC472A2627F300FE25AB /* Debug */ = {
			isa = XCBuildConfiguration;
			buildSettings = {
				ALWAYS_EMBED_SWIFT_STANDARD_LIBRARIES = YES;
				BUNDLE_LOADER = "$(TEST_HOST)";
				CODE_SIGN_STYLE = Automatic;
				CURRENT_PROJECT_VERSION = 1;
				DEVELOPMENT_TEAM = 8J5PY7U7YJ;
				GENERATE_INFOPLIST_FILE = YES;
				IPHONEOS_DEPLOYMENT_TARGET = 16.4;
				MARKETING_VERSION = 1.0;
				PRODUCT_BUNDLE_IDENTIFIER = "com.alphamatrix-llm.LegalChatTests";
				PRODUCT_NAME = "$(TARGET_NAME)";
				SWIFT_EMIT_LOC_STRINGS = NO;
				SWIFT_VERSION = 5.0;
				TARGETED_DEVICE_FAMILY = "1,2";
				TEST_HOST = "$(BUILT_PRODUCTS_DIR)/LegalChat.app/$(BUNDLE_EXECUTABLE_FOLDER_PATH)/LegalChat";
			};
			name = Debug;
		};
		63E9CC482A2627F300FE25AB /* Release */ = {
			isa = XCBuildConfiguration;
			buildSettings = {
				ALWAYS_EMBED_SWIFT_STANDARD_LIBRARIES = YES;
				BUNDLE_LOADER = "$(TEST_HOST)";
				CODE_SIGN_STYLE = Automatic;
				CURRENT_PROJECT_VERSION = 1;
				DEVELOPMENT_TEAM = 8J5PY7U7YJ;
				GENERATE_INFOPLIST_FILE = YES;
				IPHONEOS_DEPLOYMENT_TARGET = 16.4;
				MARKETING_VERSION = 1.0;
				PRODUCT_BUNDLE_IDENTIFIER = "com.alphamatrix-llm.LegalChatTests";
				PRODUCT_NAME = "$(TARGET_NAME)";
				SWIFT_EMIT_LOC_STRINGS = NO;
				SWIFT_VERSION = 5.0;
				TARGETED_DEVICE_FAMILY = "1,2";
				TEST_HOST = "$(BUILT_PRODUCTS_DIR)/LegalChat.app/$(BUNDLE_EXECUTABLE_FOLDER_PATH)/LegalChat";
			};
			name = Release;
		};
		63E9CC4A2A2627F300FE25AB /* Debug */ = {
			isa = XCBuildConfiguration;
			buildSettings = {
				ALWAYS_EMBED_SWIFT_STANDARD_LIBRARIES = YES;
				CODE_SIGN_STYLE = Automatic;
				CURRENT_PROJECT_VERSION = 1;
				DEVELOPMENT_TEAM = 8J5PY7U7YJ;
				GENERATE_INFOPLIST_FILE = YES;
				MARKETING_VERSION = 1.0;
				PRODUCT_BUNDLE_IDENTIFIER = "com.alphamatrix-llm.LegalChatUITests";
				PRODUCT_NAME = "$(TARGET_NAME)";
				SWIFT_EMIT_LOC_STRINGS = NO;
				SWIFT_VERSION = 5.0;
				TARGETED_DEVICE_FAMILY = "1,2";
				TEST_TARGET_NAME = LegalChat;
			};
			name = Debug;
		};
		63E9CC4B2A2627F300FE25AB /* Release */ = {
			isa = XCBuildConfiguration;
			buildSettings = {
				ALWAYS_EMBED_SWIFT_STANDARD_LIBRARIES = YES;
				CODE_SIGN_STYLE = Automatic;
				CURRENT_PROJECT_VERSION = 1;
				DEVELOPMENT_TEAM = 8J5PY7U7YJ;
				GENERATE_INFOPLIST_FILE = YES;
				MARKETING_VERSION = 1.0;
				PRODUCT_BUNDLE_IDENTIFIER = "com.alphamatrix-llm.LegalChatUITests";
				PRODUCT_NAME = "$(TARGET_NAME)";
				SWIFT_EMIT_LOC_STRINGS = NO;
				SWIFT_VERSION = 5.0;
				TARGETED_DEVICE_FAMILY = "1,2";
				TEST_TARGET_NAME = LegalChat;
			};
			name = Release;
		};
/* End XCBuildConfiguration section */

/* Begin XCConfigurationList section */
		63E9CC142A2627F300FE25AB /* Build configuration list for PBXProject "LegalChat" */ = {
			isa = XCConfigurationList;
			buildConfigurations = (
				63E9CC412A2627F300FE25AB /* Debug */,
				63E9CC422A2627F300FE25AB /* Release */,
			);
			defaultConfigurationIsVisible = 0;
			defaultConfigurationName = Release;
		};
		63E9CC432A2627F300FE25AB /* Build configuration list for PBXNativeTarget "LegalChat" */ = {
			isa = XCConfigurationList;
			buildConfigurations = (
				63E9CC442A2627F300FE25AB /* Debug */,
				63E9CC452A2627F300FE25AB /* Release */,
			);
			defaultConfigurationIsVisible = 0;
			defaultConfigurationName = Release;
		};
		63E9CC462A2627F300FE25AB /* Build configuration list for PBXNativeTarget "LegalChatTests" */ = {
			isa = XCConfigurationList;
			buildConfigurations = (
				63E9CC472A2627F300FE25AB /* Debug */,
				63E9CC482A2627F300FE25AB /* Release */,
			);
			defaultConfigurationIsVisible = 0;
			defaultConfigurationName = Release;
		};
		63E9CC492A2627F300FE25AB /* Build configuration list for PBXNativeTarget "LegalChatUITests" */ = {
			isa = XCConfigurationList;
			buildConfigurations = (
				63E9CC4A2A2627F300FE25AB /* Debug */,
				63E9CC4B2A2627F300FE25AB /* Release */,
			);
			defaultConfigurationIsVisible = 0;
			defaultConfigurationName = Release;
		};
/* End XCConfigurationList section */

/* Begin XCVersionGroup section */
		63E9CC272A2627F300FE25AB /* LegalChat.xcdatamodeld */ = {
			isa = XCVersionGroup;
			children = (
				63E9CC282A2627F300FE25AB /* LegalChat.xcdatamodel */,
			);
			currentVersion = 63E9CC282A2627F300FE25AB /* LegalChat.xcdatamodel */;
			path = LegalChat.xcdatamodeld;
			sourceTree = "<group>";
			versionGroupType = wrapper.xcdatamodel;
		};
/* End XCVersionGroup section */
	};
	rootObject = 63E9CC112A2627F300FE25AB /* Project object */;
}
